// !$*UTF8*$!
{
	archiveVersion = 1;
	classes = {
	};
	objectVersion = 54;
	objects = {

/* Begin PBXBuildFile section */
		355B2156F97B6DB54AF4CE9A /* MyService.m in Sources */ = {isa = PBXBuildFile; fileRef = 355B27903FFB5C516487D807 /* MyService.m */; };
		355B28EA4CDFAE088BB12284 /* OBInjectorControllerTest.m in Sources */ = {isa = PBXBuildFile; fileRef = 355B2D1698713C74862A597D /* OBInjectorControllerTest.m */; };
		355B2A9AD668EC5593D47334 /* Images.xcassets in Resources */ = {isa = PBXBuildFile; fileRef = 355B25DF4395F7B9A228116C /* Images.xcassets */; };
		355B2CFD83860C25F53B0065 /* main.m in Sources */ = {isa = PBXBuildFile; fileRef = 355B25B373CCF61137F1EA27 /* main.m */; };
		355B2D9E4757B813E5C46ABC /* AppDelegate.m in Sources */ = {isa = PBXBuildFile; fileRef = 355B2A553A76387C4E40A88B /* AppDelegate.m */; };
		355B2DAAEE99146CC0EA081F /* ViewController.m in Sources */ = {isa = PBXBuildFile; fileRef = 355B29B26E4504C3A405B6A6 /* ViewController.m */; };
		A7378D0B1CA2DD9C00D30471 /* OBInjector.framework in Frameworks */ = {isa = PBXBuildFile; fileRef = A7378CF61CA2DD9C00D30471 /* OBInjector.framework */; };
		A7378D0C1CA2DD9C00D30471 /* OBInjector.framework in Embed Frameworks */ = {isa = PBXBuildFile; fileRef = A7378CF61CA2DD9C00D30471 /* OBInjector.framework */; settings = {ATTRIBUTES = (CodeSignOnCopy, RemoveHeadersOnCopy, ); }; };
		A7378D1C1CA2DE8A00D30471 /* OBInjector.framework in Frameworks */ = {isa = PBXBuildFile; fileRef = A7378CF61CA2DD9C00D30471 /* OBInjector.framework */; };
		A74E795E24FCF30B00553C5D /* OBInjector.h in Headers */ = {isa = PBXBuildFile; fileRef = 355B24838A0E93EB51A6FFB5 /* OBInjector.h */; settings = {ATTRIBUTES = (Public, ); }; };
		A74E795F24FCF30B00553C5D /* OBInjectorController.h in Headers */ = {isa = PBXBuildFile; fileRef = 355B2C41190344373748B0E4 /* OBInjectorController.h */; settings = {ATTRIBUTES = (Public, ); }; };
		A74E796024FCF30B00553C5D /* OBInjectorController.m in Sources */ = {isa = PBXBuildFile; fileRef = 355B246B96EBB0BE17E4D589 /* OBInjectorController.m */; };
		A74E796124FCF30B00553C5D /* OBPropertyInjector.h in Headers */ = {isa = PBXBuildFile; fileRef = 355B2C3557666E045BC7A0AA /* OBPropertyInjector.h */; settings = {ATTRIBUTES = (Public, ); }; };
		A74E796224FCF30B00553C5D /* OBPropertyInjector.m in Sources */ = {isa = PBXBuildFile; fileRef = 355B2AFA1245E477DE942590 /* OBPropertyInjector.m */; };
		A74E796324FCF30B00553C5D /* OBRegisteredProperty.h in Headers */ = {isa = PBXBuildFile; fileRef = 355B226A808B2EDA545EE89D /* OBRegisteredProperty.h */; settings = {ATTRIBUTES = (Public, ); }; };
		A74E796424FCF30B00553C5D /* OBRegisteredProperty.m in Sources */ = {isa = PBXBuildFile; fileRef = 355B2135276B47238CA0A1A5 /* OBRegisteredProperty.m */; };
		A75F7D631C57C4FE009863FE /* AppDelegate.swift in Sources */ = {isa = PBXBuildFile; fileRef = A75F7D621C57C4FE009863FE /* AppDelegate.swift */; };
		A75F7D651C57C4FE009863FE /* ViewController.swift in Sources */ = {isa = PBXBuildFile; fileRef = A75F7D641C57C4FE009863FE /* ViewController.swift */; };
		A75F7D6A1C57C4FE009863FE /* Assets.xcassets in Resources */ = {isa = PBXBuildFile; fileRef = A75F7D691C57C4FE009863FE /* Assets.xcassets */; };
		A75F7D6D1C57C4FE009863FE /* LaunchScreen.storyboard in Resources */ = {isa = PBXBuildFile; fileRef = A75F7D6B1C57C4FE009863FE /* LaunchScreen.storyboard */; };
		A75F7D751C57C8BE009863FE /* MyService.swift in Sources */ = {isa = PBXBuildFile; fileRef = A75F7D741C57C8BE009863FE /* MyService.swift */; };
		A75F7D771C57D09E009863FE /* Main.storyboard in Resources */ = {isa = PBXBuildFile; fileRef = A75F7D661C57C4FE009863FE /* Main.storyboard */; };
		A77A65C91B9B36A7004FA11A /* LaunchScreen.xib in Resources */ = {isa = PBXBuildFile; fileRef = A77A65CB1B9B36A7004FA11A /* LaunchScreen.xib */; };
		A77A65CC1B9B36AB004FA11A /* Main.storyboard in Resources */ = {isa = PBXBuildFile; fileRef = A77A65CE1B9B36AB004FA11A /* Main.storyboard */; };
		A7B34FF32ABC3FEC002319C1 /* OCMockito in Frameworks */ = {isa = PBXBuildFile; productRef = A7B34FF22ABC3FEC002319C1 /* OCMockito */; };
		A7FA3BE11C2407B00011B23B /* OBInjectTestObject.m in Sources */ = {isa = PBXBuildFile; fileRef = 355B21983C853153BE08E48F /* OBInjectTestObject.m */; };
		A7FA3BE21C2407B00011B23B /* OBPropertyInjectorTest.m in Sources */ = {isa = PBXBuildFile; fileRef = 355B24F27D254AF383ECB1BC /* OBPropertyInjectorTest.m */; };
/* End PBXBuildFile section */

/* Begin PBXContainerItemProxy section */
		A7378D091CA2DD9C00D30471 /* PBXContainerItemProxy */ = {
			isa = PBXContainerItemProxy;
			containerPortal = A7B0D4551B9B29020020244B /* Project object */;
			proxyType = 1;
			remoteGlobalIDString = A7378CF51CA2DD9C00D30471;
			remoteInfo = OBInjector;
		};
		A7378D1D1CA2DE9000D30471 /* PBXContainerItemProxy */ = {
			isa = PBXContainerItemProxy;
			containerPortal = A7B0D4551B9B29020020244B /* Project object */;
			proxyType = 1;
			remoteGlobalIDString = A7378CF51CA2DD9C00D30471;
			remoteInfo = OBInjector;
		};
		A7B216611C57D9D5004945A3 /* PBXContainerItemProxy */ = {
			isa = PBXContainerItemProxy;
			containerPortal = A7B0D4551B9B29020020244B /* Project object */;
			proxyType = 1;
			remoteGlobalIDString = A7B0D45C1B9B29020020244B;
			remoteInfo = OBInjectorDemo;
		};
/* End PBXContainerItemProxy section */

/* Begin PBXCopyFilesBuildPhase section */
		A7378D101CA2DD9C00D30471 /* Embed Frameworks */ = {
			isa = PBXCopyFilesBuildPhase;
			buildActionMask = 2147483647;
			dstPath = "";
			dstSubfolderSpec = 10;
			files = (
				A7378D0C1CA2DD9C00D30471 /* OBInjector.framework in Embed Frameworks */,
			);
			name = "Embed Frameworks";
			runOnlyForDeploymentPostprocessing = 0;
		};
		A75F410521B56D3900866FD4 /* CopyFiles */ = {
			isa = PBXCopyFilesBuildPhase;
			buildActionMask = 2147483647;
			dstPath = "";
			dstSubfolderSpec = 10;
			files = (
			);
			runOnlyForDeploymentPostprocessing = 0;
		};
/* End PBXCopyFilesBuildPhase section */

/* Begin PBXFileReference section */
		355B2135276B47238CA0A1A5 /* OBRegisteredProperty.m */ = {isa = PBXFileReference; fileEncoding = 4; lastKnownFileType = sourcecode.c.objc; path = OBRegisteredProperty.m; sourceTree = "<group>"; };
		355B2160F74E9BCD0B9A7536 /* Info.plist */ = {isa = PBXFileReference; fileEncoding = 4; lastKnownFileType = text.plist.info; path = Info.plist; sourceTree = "<group>"; };
		355B21983C853153BE08E48F /* OBInjectTestObject.m */ = {isa = PBXFileReference; fileEncoding = 4; lastKnownFileType = sourcecode.c.objc; path = OBInjectTestObject.m; sourceTree = "<group>"; };
		355B21BE093C2999128E6E52 /* AppDelegate.h */ = {isa = PBXFileReference; fileEncoding = 4; lastKnownFileType = sourcecode.c.h; path = AppDelegate.h; sourceTree = "<group>"; };
		355B226A808B2EDA545EE89D /* OBRegisteredProperty.h */ = {isa = PBXFileReference; fileEncoding = 4; lastKnownFileType = sourcecode.c.h; path = OBRegisteredProperty.h; sourceTree = "<group>"; };
		355B2321D3990DBCCF1AB8D9 /* OBInjectTestObject.h */ = {isa = PBXFileReference; fileEncoding = 4; lastKnownFileType = sourcecode.c.h; path = OBInjectTestObject.h; sourceTree = "<group>"; };
		355B246B96EBB0BE17E4D589 /* OBInjectorController.m */ = {isa = PBXFileReference; fileEncoding = 4; lastKnownFileType = sourcecode.c.objc; path = OBInjectorController.m; sourceTree = "<group>"; };
		355B24838A0E93EB51A6FFB5 /* OBInjector.h */ = {isa = PBXFileReference; fileEncoding = 4; lastKnownFileType = sourcecode.c.h; path = OBInjector.h; sourceTree = "<group>"; };
		355B24F27D254AF383ECB1BC /* OBPropertyInjectorTest.m */ = {isa = PBXFileReference; fileEncoding = 4; lastKnownFileType = sourcecode.c.objc; path = OBPropertyInjectorTest.m; sourceTree = "<group>"; };
		355B25B373CCF61137F1EA27 /* main.m */ = {isa = PBXFileReference; fileEncoding = 4; lastKnownFileType = sourcecode.c.objc; path = main.m; sourceTree = "<group>"; };
		355B25DF4395F7B9A228116C /* Images.xcassets */ = {isa = PBXFileReference; lastKnownFileType = folder.assetcatalog; path = Images.xcassets; sourceTree = "<group>"; };
		355B270A4182B2F9699807B6 /* ViewController.h */ = {isa = PBXFileReference; fileEncoding = 4; lastKnownFileType = sourcecode.c.h; path = ViewController.h; sourceTree = "<group>"; };
		355B27903FFB5C516487D807 /* MyService.m */ = {isa = PBXFileReference; fileEncoding = 4; lastKnownFileType = sourcecode.c.objc; path = MyService.m; sourceTree = "<group>"; };
		355B27FB45ECF7A94202CCDB /* Cartfile */ = {isa = PBXFileReference; fileEncoding = 4; lastKnownFileType = text; path = Cartfile; sourceTree = "<group>"; };
		355B28B938FED11426B99427 /* Info.plist */ = {isa = PBXFileReference; fileEncoding = 4; lastKnownFileType = text.plist.info; path = Info.plist; sourceTree = "<group>"; };
		355B29B26E4504C3A405B6A6 /* ViewController.m */ = {isa = PBXFileReference; fileEncoding = 4; lastKnownFileType = sourcecode.c.objc; path = ViewController.m; sourceTree = "<group>"; };
		355B2A553A76387C4E40A88B /* AppDelegate.m */ = {isa = PBXFileReference; fileEncoding = 4; lastKnownFileType = sourcecode.c.objc; path = AppDelegate.m; sourceTree = "<group>"; };
		355B2AFA1245E477DE942590 /* OBPropertyInjector.m */ = {isa = PBXFileReference; fileEncoding = 4; lastKnownFileType = sourcecode.c.objc; path = OBPropertyInjector.m; sourceTree = "<group>"; };
		355B2B1137D7E9A0511D443E /* MyService.h */ = {isa = PBXFileReference; fileEncoding = 4; lastKnownFileType = sourcecode.c.h; path = MyService.h; sourceTree = "<group>"; };
		355B2C3557666E045BC7A0AA /* OBPropertyInjector.h */ = {isa = PBXFileReference; fileEncoding = 4; lastKnownFileType = sourcecode.c.h; path = OBPropertyInjector.h; sourceTree = "<group>"; };
		355B2C41190344373748B0E4 /* OBInjectorController.h */ = {isa = PBXFileReference; fileEncoding = 4; lastKnownFileType = sourcecode.c.h; path = OBInjectorController.h; sourceTree = "<group>"; };
		355B2D1698713C74862A597D /* OBInjectorControllerTest.m */ = {isa = PBXFileReference; fileEncoding = 4; lastKnownFileType = sourcecode.c.objc; path = OBInjectorControllerTest.m; sourceTree = "<group>"; };
		A7378CF61CA2DD9C00D30471 /* OBInjector.framework */ = {isa = PBXFileReference; explicitFileType = wrapper.framework; includeInIndex = 0; path = OBInjector.framework; sourceTree = BUILT_PRODUCTS_DIR; };
		A7378D141CA2DDCD00D30471 /* Info.plist */ = {isa = PBXFileReference; fileEncoding = 4; lastKnownFileType = text.plist.xml; path = Info.plist; sourceTree = "<group>"; };
		A7378D1B1CA2DE3700D30471 /* OBInjector.modulemap */ = {isa = PBXFileReference; fileEncoding = 4; lastKnownFileType = "sourcecode.module-map"; path = OBInjector.modulemap; sourceTree = "<group>"; };
		A75F7D601C57C4FE009863FE /* OBInjectorSwiftDemo.app */ = {isa = PBXFileReference; explicitFileType = wrapper.application; includeInIndex = 0; path = OBInjectorSwiftDemo.app; sourceTree = BUILT_PRODUCTS_DIR; };
		A75F7D621C57C4FE009863FE /* AppDelegate.swift */ = {isa = PBXFileReference; lastKnownFileType = sourcecode.swift; path = AppDelegate.swift; sourceTree = "<group>"; };
		A75F7D641C57C4FE009863FE /* ViewController.swift */ = {isa = PBXFileReference; lastKnownFileType = sourcecode.swift; path = ViewController.swift; sourceTree = "<group>"; };
		A75F7D671C57C4FE009863FE /* Base */ = {isa = PBXFileReference; lastKnownFileType = file.storyboard; name = Base; path = Base.lproj/Main.storyboard; sourceTree = "<group>"; };
		A75F7D691C57C4FE009863FE /* Assets.xcassets */ = {isa = PBXFileReference; lastKnownFileType = folder.assetcatalog; path = Assets.xcassets; sourceTree = "<group>"; };
		A75F7D6C1C57C4FE009863FE /* Base */ = {isa = PBXFileReference; lastKnownFileType = file.storyboard; name = Base; path = Base.lproj/LaunchScreen.storyboard; sourceTree = "<group>"; };
		A75F7D6E1C57C4FE009863FE /* Info.plist */ = {isa = PBXFileReference; lastKnownFileType = text.plist.xml; path = Info.plist; sourceTree = "<group>"; };
		A75F7D721C57C51C009863FE /* OBInjector-Bridging-Header.h */ = {isa = PBXFileReference; lastKnownFileType = sourcecode.c.h; path = "OBInjector-Bridging-Header.h"; sourceTree = "<group>"; };
		A75F7D741C57C8BE009863FE /* MyService.swift */ = {isa = PBXFileReference; fileEncoding = 4; lastKnownFileType = sourcecode.swift; path = MyService.swift; sourceTree = "<group>"; };
		A77A65CF1B9B36B2004FA11A /* Base */ = {isa = PBXFileReference; lastKnownFileType = file.xib; name = Base; path = Base.lproj/LaunchScreen.xib; sourceTree = "<group>"; };
		A77A65D01B9B36B2004FA11A /* Base */ = {isa = PBXFileReference; lastKnownFileType = file.storyboard; name = Base; path = Base.lproj/Main.storyboard; sourceTree = "<group>"; };
		A7B0D45D1B9B29020020244B /* OBInjectorDemo.app */ = {isa = PBXFileReference; explicitFileType = wrapper.application; includeInIndex = 0; path = OBInjectorDemo.app; sourceTree = BUILT_PRODUCTS_DIR; };
		A7B0D48A1B9B2CA80020244B /* Tests.xctest */ = {isa = PBXFileReference; explicitFileType = wrapper.cfbundle; includeInIndex = 0; path = Tests.xctest; sourceTree = BUILT_PRODUCTS_DIR; };
/* End PBXFileReference section */

/* Begin PBXFrameworksBuildPhase section */
		A7378CF21CA2DD9C00D30471 /* Frameworks */ = {
			isa = PBXFrameworksBuildPhase;
			buildActionMask = 2147483647;
			files = (
			);
			runOnlyForDeploymentPostprocessing = 0;
		};
		A75F7D5D1C57C4FE009863FE /* Frameworks */ = {
			isa = PBXFrameworksBuildPhase;
			buildActionMask = 2147483647;
			files = (
				A7378D1C1CA2DE8A00D30471 /* OBInjector.framework in Frameworks */,
			);
			runOnlyForDeploymentPostprocessing = 0;
		};
		A7B0D45A1B9B29020020244B /* Frameworks */ = {
			isa = PBXFrameworksBuildPhase;
			buildActionMask = 2147483647;
			files = (
				A7378D0B1CA2DD9C00D30471 /* OBInjector.framework in Frameworks */,
			);
			runOnlyForDeploymentPostprocessing = 0;
		};
		A7B0D4871B9B2CA80020244B /* Frameworks */ = {
			isa = PBXFrameworksBuildPhase;
			buildActionMask = 2147483647;
			files = (
				A7B34FF32ABC3FEC002319C1 /* OCMockito in Frameworks */,
			);
			runOnlyForDeploymentPostprocessing = 0;
		};
/* End PBXFrameworksBuildPhase section */

/* Begin PBXGroup section */
		355B21AABEFFF32C5AE472DF /* Core */ = {
			isa = PBXGroup;
			children = (
				355B25B813D37007F9EA707F /* Source */,
				A7378D141CA2DDCD00D30471 /* Info.plist */,
				A7378D1B1CA2DE3700D30471 /* OBInjector.modulemap */,
			);
			path = Core;
			sourceTree = "<group>";
		};
		355B25B813D37007F9EA707F /* Source */ = {
			isa = PBXGroup;
			children = (
				355B24838A0E93EB51A6FFB5 /* OBInjector.h */,
				355B2C41190344373748B0E4 /* OBInjectorController.h */,
				355B246B96EBB0BE17E4D589 /* OBInjectorController.m */,
				355B2C3557666E045BC7A0AA /* OBPropertyInjector.h */,
				355B2AFA1245E477DE942590 /* OBPropertyInjector.m */,
				355B226A808B2EDA545EE89D /* OBRegisteredProperty.h */,
				355B2135276B47238CA0A1A5 /* OBRegisteredProperty.m */,
			);
			path = Source;
			sourceTree = "<group>";
		};
		355B2750D08D5A00D93AD1EF /* Demo */ = {
			isa = PBXGroup;
			children = (
				355B2F66DAF337DD410ECC13 /* Source */,
				355B2FA81F51A0D4AFBC292D /* Resource */,
			);
			path = Demo;
			sourceTree = "<group>";
		};
		355B2B47332AF20D3156D6FA /* Resource */ = {
			isa = PBXGroup;
			children = (
				355B28B938FED11426B99427 /* Info.plist */,
			);
			path = Resource;
			sourceTree = "<group>";
		};
		355B2F66DAF337DD410ECC13 /* Source */ = {
			isa = PBXGroup;
			children = (
				355B29B26E4504C3A405B6A6 /* ViewController.m */,
				355B2A553A76387C4E40A88B /* AppDelegate.m */,
				355B270A4182B2F9699807B6 /* ViewController.h */,
				355B21BE093C2999128E6E52 /* AppDelegate.h */,
				355B25B373CCF61137F1EA27 /* main.m */,
				355B27903FFB5C516487D807 /* MyService.m */,
				355B2B1137D7E9A0511D443E /* MyService.h */,
			);
			path = Source;
			sourceTree = "<group>";
		};
		355B2FA81F51A0D4AFBC292D /* Resource */ = {
			isa = PBXGroup;
			children = (
				A77A65CB1B9B36A7004FA11A /* LaunchScreen.xib */,
				A77A65CE1B9B36AB004FA11A /* Main.storyboard */,
				355B25DF4395F7B9A228116C /* Images.xcassets */,
				355B2160F74E9BCD0B9A7536 /* Info.plist */,
			);
			path = Resource;
			sourceTree = "<group>";
		};
		A75F7D611C57C4FE009863FE /* OBInjectorSwiftDemo */ = {
			isa = PBXGroup;
			children = (
				A75F7D621C57C4FE009863FE /* AppDelegate.swift */,
				A75F7D641C57C4FE009863FE /* ViewController.swift */,
				A75F7D661C57C4FE009863FE /* Main.storyboard */,
				A75F7D691C57C4FE009863FE /* Assets.xcassets */,
				A75F7D6B1C57C4FE009863FE /* LaunchScreen.storyboard */,
				A75F7D6E1C57C4FE009863FE /* Info.plist */,
				A75F7D721C57C51C009863FE /* OBInjector-Bridging-Header.h */,
				A75F7D741C57C8BE009863FE /* MyService.swift */,
			);
			path = OBInjectorSwiftDemo;
			sourceTree = "<group>";
		};
		A7B0D4541B9B29020020244B = {
			isa = PBXGroup;
			children = (
				A7B0D48B1B9B2CA80020244B /* Tests */,
				A75F7D611C57C4FE009863FE /* OBInjectorSwiftDemo */,
				A7B0D45E1B9B29020020244B /* Products */,
				355B21AABEFFF32C5AE472DF /* Core */,
				355B2750D08D5A00D93AD1EF /* Demo */,
				355B27FB45ECF7A94202CCDB /* Cartfile */,
				A7B34FF12ABC3FEC002319C1 /* Frameworks */,
			);
			sourceTree = "<group>";
		};
		A7B0D45E1B9B29020020244B /* Products */ = {
			isa = PBXGroup;
			children = (
				A7B0D45D1B9B29020020244B /* OBInjectorDemo.app */,
				A7B0D48A1B9B2CA80020244B /* Tests.xctest */,
				A75F7D601C57C4FE009863FE /* OBInjectorSwiftDemo.app */,
				A7378CF61CA2DD9C00D30471 /* OBInjector.framework */,
			);
			name = Products;
			sourceTree = "<group>";
		};
		A7B0D48B1B9B2CA80020244B /* Tests */ = {
			isa = PBXGroup;
			children = (
				355B21983C853153BE08E48F /* OBInjectTestObject.m */,
				355B24F27D254AF383ECB1BC /* OBPropertyInjectorTest.m */,
				355B2B47332AF20D3156D6FA /* Resource */,
				355B2D1698713C74862A597D /* OBInjectorControllerTest.m */,
				355B2321D3990DBCCF1AB8D9 /* OBInjectTestObject.h */,
			);
			path = Tests;
			sourceTree = "<group>";
		};
		A7B34FF12ABC3FEC002319C1 /* Frameworks */ = {
			isa = PBXGroup;
			children = (
			);
			name = Frameworks;
			sourceTree = "<group>";
		};
/* End PBXGroup section */

/* Begin PBXHeadersBuildPhase section */
		A7378CF31CA2DD9C00D30471 /* Headers */ = {
			isa = PBXHeadersBuildPhase;
			buildActionMask = 2147483647;
			files = (
				A74E796324FCF30B00553C5D /* OBRegisteredProperty.h in Headers */,
				A74E796124FCF30B00553C5D /* OBPropertyInjector.h in Headers */,
				A74E795E24FCF30B00553C5D /* OBInjector.h in Headers */,
				A74E795F24FCF30B00553C5D /* OBInjectorController.h in Headers */,
			);
			runOnlyForDeploymentPostprocessing = 0;
		};
/* End PBXHeadersBuildPhase section */

/* Begin PBXNativeTarget section */
		A7378CF51CA2DD9C00D30471 /* OBInjector */ = {
			isa = PBXNativeTarget;
			buildConfigurationList = A7378D0D1CA2DD9C00D30471 /* Build configuration list for PBXNativeTarget "OBInjector" */;
			buildPhases = (
				A7378CF11CA2DD9C00D30471 /* Sources */,
				A7378CF21CA2DD9C00D30471 /* Frameworks */,
				A7378CF31CA2DD9C00D30471 /* Headers */,
				A7378CF41CA2DD9C00D30471 /* Resources */,
			);
			buildRules = (
			);
			dependencies = (
			);
			name = OBInjector;
			productName = OBInjector;
			productReference = A7378CF61CA2DD9C00D30471 /* OBInjector.framework */;
			productType = "com.apple.product-type.framework";
		};
		A75F7D5F1C57C4FE009863FE /* OBInjectorSwiftDemo */ = {
			isa = PBXNativeTarget;
			buildConfigurationList = A75F7D711C57C4FE009863FE /* Build configuration list for PBXNativeTarget "OBInjectorSwiftDemo" */;
			buildPhases = (
				A75F7D5C1C57C4FE009863FE /* Sources */,
				A75F7D5D1C57C4FE009863FE /* Frameworks */,
				A75F7D5E1C57C4FE009863FE /* Resources */,
			);
			buildRules = (
			);
			dependencies = (
				A7378D1E1CA2DE9000D30471 /* PBXTargetDependency */,
			);
			name = OBInjectorSwiftDemo;
			productName = OBInjectorSwiftDemo;
			productReference = A75F7D601C57C4FE009863FE /* OBInjectorSwiftDemo.app */;
			productType = "com.apple.product-type.application";
		};
		A7B0D45C1B9B29020020244B /* OBInjectorDemo */ = {
			isa = PBXNativeTarget;
			buildConfigurationList = A7B0D4801B9B29020020244B /* Build configuration list for PBXNativeTarget "OBInjectorDemo" */;
			buildPhases = (
				A7B0D4591B9B29020020244B /* Sources */,
				A7B0D45A1B9B29020020244B /* Frameworks */,
				A7B0D45B1B9B29020020244B /* Resources */,
				A7378D101CA2DD9C00D30471 /* Embed Frameworks */,
			);
			buildRules = (
			);
			dependencies = (
				A7378D0A1CA2DD9C00D30471 /* PBXTargetDependency */,
			);
			name = OBInjectorDemo;
			productName = OBInjector;
			productReference = A7B0D45D1B9B29020020244B /* OBInjectorDemo.app */;
			productType = "com.apple.product-type.application";
		};
		A7B0D4891B9B2CA80020244B /* Tests */ = {
			isa = PBXNativeTarget;
			buildConfigurationList = A7B0D4941B9B2CA80020244B /* Build configuration list for PBXNativeTarget "Tests" */;
			buildPhases = (
				A7B0D4861B9B2CA80020244B /* Sources */,
				A7B0D4871B9B2CA80020244B /* Frameworks */,
				A7B0D4881B9B2CA80020244B /* Resources */,
				A75F410521B56D3900866FD4 /* CopyFiles */,
			);
			buildRules = (
			);
			dependencies = (
				A7B216621C57D9D5004945A3 /* PBXTargetDependency */,
			);
			name = Tests;
			packageProductDependencies = (
				A7B34FF22ABC3FEC002319C1 /* OCMockito */,
			);
			productName = Tests;
			productReference = A7B0D48A1B9B2CA80020244B /* Tests.xctest */;
			productType = "com.apple.product-type.bundle.unit-test";
		};
/* End PBXNativeTarget section */

/* Begin PBXProject section */
		A7B0D4551B9B29020020244B /* Project object */ = {
			isa = PBXProject;
			attributes = {
				BuildIndependentTargetsInParallel = YES;
				LastSwiftUpdateCheck = 0720;
				LastUpgradeCheck = 1500;
				ORGANIZATIONNAME = "Rene Pirringer";
				TargetAttributes = {
					A7378CF51CA2DD9C00D30471 = {
						CreatedOnToolsVersion = 7.3;
					};
					A75F7D5F1C57C4FE009863FE = {
						CreatedOnToolsVersion = 7.2;
					};
					A7B0D45C1B9B29020020244B = {
						CreatedOnToolsVersion = 6.4;
					};
					A7B0D4891B9B2CA80020244B = {
						CreatedOnToolsVersion = 6.4;
						TestTargetID = A7B0D45C1B9B29020020244B;
					};
				};
			};
			buildConfigurationList = A7B0D4581B9B29020020244B /* Build configuration list for PBXProject "OBInjector" */;
			compatibilityVersion = "Xcode 3.2";
			developmentRegion = en;
			hasScannedForEncodings = 0;
			knownRegions = (
				en,
				Base,
			);
			mainGroup = A7B0D4541B9B29020020244B;
			packageReferences = (
				A7B34FF02ABC3FCB002319C1 /* XCRemoteSwiftPackageReference "OCMockito" */,
			);
			productRefGroup = A7B0D45E1B9B29020020244B /* Products */;
			projectDirPath = "";
			projectRoot = "";
			targets = (
				A7B0D45C1B9B29020020244B /* OBInjectorDemo */,
				A7B0D4891B9B2CA80020244B /* Tests */,
				A75F7D5F1C57C4FE009863FE /* OBInjectorSwiftDemo */,
				A7378CF51CA2DD9C00D30471 /* OBInjector */,
			);
		};
/* End PBXProject section */

/* Begin PBXResourcesBuildPhase section */
		A7378CF41CA2DD9C00D30471 /* Resources */ = {
			isa = PBXResourcesBuildPhase;
			buildActionMask = 2147483647;
			files = (
			);
			runOnlyForDeploymentPostprocessing = 0;
		};
		A75F7D5E1C57C4FE009863FE /* Resources */ = {
			isa = PBXResourcesBuildPhase;
			buildActionMask = 2147483647;
			files = (
				A75F7D771C57D09E009863FE /* Main.storyboard in Resources */,
				A75F7D6D1C57C4FE009863FE /* LaunchScreen.storyboard in Resources */,
				A75F7D6A1C57C4FE009863FE /* Assets.xcassets in Resources */,
			);
			runOnlyForDeploymentPostprocessing = 0;
		};
		A7B0D45B1B9B29020020244B /* Resources */ = {
			isa = PBXResourcesBuildPhase;
			buildActionMask = 2147483647;
			files = (
				A77A65CC1B9B36AB004FA11A /* Main.storyboard in Resources */,
				A77A65C91B9B36A7004FA11A /* LaunchScreen.xib in Resources */,
				355B2A9AD668EC5593D47334 /* Images.xcassets in Resources */,
			);
			runOnlyForDeploymentPostprocessing = 0;
		};
		A7B0D4881B9B2CA80020244B /* Resources */ = {
			isa = PBXResourcesBuildPhase;
			buildActionMask = 2147483647;
			files = (
			);
			runOnlyForDeploymentPostprocessing = 0;
		};
/* End PBXResourcesBuildPhase section */

/* Begin PBXSourcesBuildPhase section */
		A7378CF11CA2DD9C00D30471 /* Sources */ = {
			isa = PBXSourcesBuildPhase;
			buildActionMask = 2147483647;
			files = (
				A74E796424FCF30B00553C5D /* OBRegisteredProperty.m in Sources */,
				A74E796024FCF30B00553C5D /* OBInjectorController.m in Sources */,
				A74E796224FCF30B00553C5D /* OBPropertyInjector.m in Sources */,
			);
			runOnlyForDeploymentPostprocessing = 0;
		};
		A75F7D5C1C57C4FE009863FE /* Sources */ = {
			isa = PBXSourcesBuildPhase;
			buildActionMask = 2147483647;
			files = (
				A75F7D751C57C8BE009863FE /* MyService.swift in Sources */,
				A75F7D651C57C4FE009863FE /* ViewController.swift in Sources */,
				A75F7D631C57C4FE009863FE /* AppDelegate.swift in Sources */,
			);
			runOnlyForDeploymentPostprocessing = 0;
		};
		A7B0D4591B9B29020020244B /* Sources */ = {
			isa = PBXSourcesBuildPhase;
			buildActionMask = 2147483647;
			files = (
				355B2DAAEE99146CC0EA081F /* ViewController.m in Sources */,
				355B2D9E4757B813E5C46ABC /* AppDelegate.m in Sources */,
				355B2CFD83860C25F53B0065 /* main.m in Sources */,
				355B2156F97B6DB54AF4CE9A /* MyService.m in Sources */,
			);
			runOnlyForDeploymentPostprocessing = 0;
		};
		A7B0D4861B9B2CA80020244B /* Sources */ = {
			isa = PBXSourcesBuildPhase;
			buildActionMask = 2147483647;
			files = (
				A7FA3BE11C2407B00011B23B /* OBInjectTestObject.m in Sources */,
				A7FA3BE21C2407B00011B23B /* OBPropertyInjectorTest.m in Sources */,
				355B28EA4CDFAE088BB12284 /* OBInjectorControllerTest.m in Sources */,
			);
			runOnlyForDeploymentPostprocessing = 0;
		};
/* End PBXSourcesBuildPhase section */

/* Begin PBXTargetDependency section */
		A7378D0A1CA2DD9C00D30471 /* PBXTargetDependency */ = {
			isa = PBXTargetDependency;
			target = A7378CF51CA2DD9C00D30471 /* OBInjector */;
			targetProxy = A7378D091CA2DD9C00D30471 /* PBXContainerItemProxy */;
		};
		A7378D1E1CA2DE9000D30471 /* PBXTargetDependency */ = {
			isa = PBXTargetDependency;
			target = A7378CF51CA2DD9C00D30471 /* OBInjector */;
			targetProxy = A7378D1D1CA2DE9000D30471 /* PBXContainerItemProxy */;
		};
		A7B216621C57D9D5004945A3 /* PBXTargetDependency */ = {
			isa = PBXTargetDependency;
			target = A7B0D45C1B9B29020020244B /* OBInjectorDemo */;
			targetProxy = A7B216611C57D9D5004945A3 /* PBXContainerItemProxy */;
		};
/* End PBXTargetDependency section */

/* Begin PBXVariantGroup section */
		A75F7D661C57C4FE009863FE /* Main.storyboard */ = {
			isa = PBXVariantGroup;
			children = (
				A75F7D671C57C4FE009863FE /* Base */,
			);
			name = Main.storyboard;
			sourceTree = "<group>";
		};
		A75F7D6B1C57C4FE009863FE /* LaunchScreen.storyboard */ = {
			isa = PBXVariantGroup;
			children = (
				A75F7D6C1C57C4FE009863FE /* Base */,
			);
			name = LaunchScreen.storyboard;
			sourceTree = "<group>";
		};
		A77A65CB1B9B36A7004FA11A /* LaunchScreen.xib */ = {
			isa = PBXVariantGroup;
			children = (
				A77A65CF1B9B36B2004FA11A /* Base */,
			);
			name = LaunchScreen.xib;
			sourceTree = "<group>";
		};
		A77A65CE1B9B36AB004FA11A /* Main.storyboard */ = {
			isa = PBXVariantGroup;
			children = (
				A77A65D01B9B36B2004FA11A /* Base */,
			);
			name = Main.storyboard;
			sourceTree = "<group>";
		};
/* End PBXVariantGroup section */

/* Begin XCBuildConfiguration section */
		A7378D0E1CA2DD9C00D30471 /* Debug */ = {
			isa = XCBuildConfiguration;
			buildSettings = {
				APPLICATION_EXTENSION_API_ONLY = YES;
				CLANG_ANALYZER_NONNULL = YES;
				CODE_SIGN_IDENTITY = "";
				CURRENT_PROJECT_VERSION = 1;
				DEBUG_INFORMATION_FORMAT = dwarf;
				DEFINES_MODULE = YES;
				DYLIB_COMPATIBILITY_VERSION = 1;
				DYLIB_CURRENT_VERSION = 1;
				DYLIB_INSTALL_NAME_BASE = "@rpath";
				ENABLE_MODULE_VERIFIER = YES;
				INFOPLIST_FILE = Core/Info.plist;
				INSTALL_PATH = "$(LOCAL_LIBRARY_DIR)/Frameworks";
				LD_RUNPATH_SEARCH_PATHS = (
					"$(inherited)",
					"@executable_path/Frameworks",
					"@loader_path/Frameworks",
				);
				MODULE_VERIFIER_SUPPORTED_LANGUAGES = "objective-c objective-c++";
				MODULE_VERIFIER_SUPPORTED_LANGUAGE_STANDARDS = "gnu99 gnu++11";
				PRODUCT_BUNDLE_IDENTIFIER = com.elo.OBInjector;
				PRODUCT_NAME = "$(TARGET_NAME)";
				SKIP_INSTALL = YES;
				VERSIONING_SYSTEM = "apple-generic";
				VERSION_INFO_PREFIX = "";
			};
			name = Debug;
		};
		A7378D0F1CA2DD9C00D30471 /* Release */ = {
			isa = XCBuildConfiguration;
			buildSettings = {
				APPLICATION_EXTENSION_API_ONLY = YES;
				CLANG_ANALYZER_NONNULL = YES;
				CODE_SIGN_IDENTITY = "";
				CURRENT_PROJECT_VERSION = 1;
				DEFINES_MODULE = YES;
				DYLIB_COMPATIBILITY_VERSION = 1;
				DYLIB_CURRENT_VERSION = 1;
				DYLIB_INSTALL_NAME_BASE = "@rpath";
				ENABLE_MODULE_VERIFIER = YES;
				INFOPLIST_FILE = Core/Info.plist;
				INSTALL_PATH = "$(LOCAL_LIBRARY_DIR)/Frameworks";
				LD_RUNPATH_SEARCH_PATHS = (
					"$(inherited)",
					"@executable_path/Frameworks",
					"@loader_path/Frameworks",
				);
				MODULE_VERIFIER_SUPPORTED_LANGUAGES = "objective-c objective-c++";
				MODULE_VERIFIER_SUPPORTED_LANGUAGE_STANDARDS = "gnu99 gnu++11";
				PRODUCT_BUNDLE_IDENTIFIER = com.elo.OBInjector;
				PRODUCT_NAME = "$(TARGET_NAME)";
				SKIP_INSTALL = YES;
				VERSIONING_SYSTEM = "apple-generic";
				VERSION_INFO_PREFIX = "";
			};
			name = Release;
		};
		A75F7D6F1C57C4FE009863FE /* Debug */ = {
			isa = XCBuildConfiguration;
			buildSettings = {
				ASSETCATALOG_COMPILER_APPICON_NAME = AppIcon;
				DEBUG_INFORMATION_FORMAT = dwarf;
				INFOPLIST_FILE = OBInjectorSwiftDemo/Info.plist;
				LD_RUNPATH_SEARCH_PATHS = (
					"$(inherited)",
					"@executable_path/Frameworks",
				);
				PRODUCT_BUNDLE_IDENTIFIER = com.elo.OBInjectorSwiftDemo;
				PRODUCT_NAME = "$(TARGET_NAME)";
				SWIFT_OBJC_BRIDGING_HEADER = "OBInjectorSwiftDemo/OBInjector-Bridging-Header.h";
				SWIFT_OPTIMIZATION_LEVEL = "-Onone";
			};
			name = Debug;
		};
		A75F7D701C57C4FE009863FE /* Release */ = {
			isa = XCBuildConfiguration;
			buildSettings = {
				ASSETCATALOG_COMPILER_APPICON_NAME = AppIcon;
				INFOPLIST_FILE = OBInjectorSwiftDemo/Info.plist;
				LD_RUNPATH_SEARCH_PATHS = (
					"$(inherited)",
					"@executable_path/Frameworks",
				);
				PRODUCT_BUNDLE_IDENTIFIER = com.elo.OBInjectorSwiftDemo;
				PRODUCT_NAME = "$(TARGET_NAME)";
				SWIFT_OBJC_BRIDGING_HEADER = "OBInjectorSwiftDemo/OBInjector-Bridging-Header.h";
			};
			name = Release;
		};
		A7B0D47E1B9B29020020244B /* Debug */ = {
			isa = XCBuildConfiguration;
			buildSettings = {
				ALWAYS_SEARCH_USER_PATHS = NO;
				ASSETCATALOG_COMPILER_GENERATE_SWIFT_ASSET_SYMBOL_EXTENSIONS = YES;
				CLANG_CXX_LANGUAGE_STANDARD = "gnu++0x";
				CLANG_CXX_LIBRARY = "libc++";
				CLANG_ENABLE_MODULES = YES;
				CLANG_ENABLE_OBJC_ARC = YES;
				CLANG_WARN_BLOCK_CAPTURE_AUTORELEASING = YES;
				CLANG_WARN_BOOL_CONVERSION = YES;
				CLANG_WARN_COMMA = YES;
				CLANG_WARN_CONSTANT_CONVERSION = YES;
				CLANG_WARN_DEPRECATED_OBJC_IMPLEMENTATIONS = YES;
				CLANG_WARN_DIRECT_OBJC_ISA_USAGE = YES_ERROR;
				CLANG_WARN_EMPTY_BODY = YES;
				CLANG_WARN_ENUM_CONVERSION = YES;
				CLANG_WARN_INFINITE_RECURSION = YES;
				CLANG_WARN_INT_CONVERSION = YES;
				CLANG_WARN_NON_LITERAL_NULL_CONVERSION = YES;
				CLANG_WARN_OBJC_IMPLICIT_RETAIN_SELF = YES;
				CLANG_WARN_OBJC_LITERAL_CONVERSION = YES;
				CLANG_WARN_OBJC_ROOT_CLASS = YES_ERROR;
				CLANG_WARN_QUOTED_INCLUDE_IN_FRAMEWORK_HEADER = YES;
				CLANG_WARN_RANGE_LOOP_ANALYSIS = YES;
				CLANG_WARN_STRICT_PROTOTYPES = YES;
				CLANG_WARN_SUSPICIOUS_MOVE = YES;
				CLANG_WARN_UNREACHABLE_CODE = YES;
				CLANG_WARN__DUPLICATE_METHOD_MATCH = YES;
				"CODE_SIGN_IDENTITY[sdk=iphoneos*]" = "iPhone Developer";
				COPY_PHASE_STRIP = NO;
				DEBUG_INFORMATION_FORMAT = "dwarf-with-dsym";
				ENABLE_STRICT_OBJC_MSGSEND = YES;
				ENABLE_TESTABILITY = YES;
				ENABLE_USER_SCRIPT_SANDBOXING = YES;
				GCC_C_LANGUAGE_STANDARD = gnu99;
				GCC_DYNAMIC_NO_PIC = NO;
				GCC_NO_COMMON_BLOCKS = YES;
				GCC_OPTIMIZATION_LEVEL = 0;
				GCC_PREPROCESSOR_DEFINITIONS = (
					"DEBUG=1",
					"$(inherited)",
				);
				GCC_SYMBOLS_PRIVATE_EXTERN = NO;
				GCC_WARN_64_TO_32_BIT_CONVERSION = YES;
				GCC_WARN_ABOUT_RETURN_TYPE = YES_ERROR;
				GCC_WARN_UNDECLARED_SELECTOR = YES;
				GCC_WARN_UNINITIALIZED_AUTOS = YES_AGGRESSIVE;
				GCC_WARN_UNUSED_FUNCTION = YES;
				GCC_WARN_UNUSED_VARIABLE = YES;
				IPHONEOS_DEPLOYMENT_TARGET = 14.0;
				MTL_ENABLE_DEBUG_INFO = YES;
				ONLY_ACTIVE_ARCH = YES;
				SDKROOT = iphoneos;
				TARGETED_DEVICE_FAMILY = "1,2";
			};
			name = Debug;
		};
		A7B0D47F1B9B29020020244B /* Release */ = {
			isa = XCBuildConfiguration;
			buildSettings = {
				ALWAYS_SEARCH_USER_PATHS = NO;
				ASSETCATALOG_COMPILER_GENERATE_SWIFT_ASSET_SYMBOL_EXTENSIONS = YES;
				CLANG_CXX_LANGUAGE_STANDARD = "gnu++0x";
				CLANG_CXX_LIBRARY = "libc++";
				CLANG_ENABLE_MODULES = YES;
				CLANG_ENABLE_OBJC_ARC = YES;
				CLANG_WARN_BLOCK_CAPTURE_AUTORELEASING = YES;
				CLANG_WARN_BOOL_CONVERSION = YES;
				CLANG_WARN_COMMA = YES;
				CLANG_WARN_CONSTANT_CONVERSION = YES;
				CLANG_WARN_DEPRECATED_OBJC_IMPLEMENTATIONS = YES;
				CLANG_WARN_DIRECT_OBJC_ISA_USAGE = YES_ERROR;
				CLANG_WARN_EMPTY_BODY = YES;
				CLANG_WARN_ENUM_CONVERSION = YES;
				CLANG_WARN_INFINITE_RECURSION = YES;
				CLANG_WARN_INT_CONVERSION = YES;
				CLANG_WARN_NON_LITERAL_NULL_CONVERSION = YES;
				CLANG_WARN_OBJC_IMPLICIT_RETAIN_SELF = YES;
				CLANG_WARN_OBJC_LITERAL_CONVERSION = YES;
				CLANG_WARN_OBJC_ROOT_CLASS = YES_ERROR;
				CLANG_WARN_QUOTED_INCLUDE_IN_FRAMEWORK_HEADER = YES;
				CLANG_WARN_RANGE_LOOP_ANALYSIS = YES;
				CLANG_WARN_STRICT_PROTOTYPES = YES;
				CLANG_WARN_SUSPICIOUS_MOVE = YES;
				CLANG_WARN_UNREACHABLE_CODE = YES;
				CLANG_WARN__DUPLICATE_METHOD_MATCH = YES;
				"CODE_SIGN_IDENTITY[sdk=iphoneos*]" = "iPhone Developer";
				COPY_PHASE_STRIP = NO;
				DEBUG_INFORMATION_FORMAT = "dwarf-with-dsym";
				ENABLE_NS_ASSERTIONS = NO;
				ENABLE_STRICT_OBJC_MSGSEND = YES;
				ENABLE_USER_SCRIPT_SANDBOXING = YES;
				GCC_C_LANGUAGE_STANDARD = gnu99;
				GCC_NO_COMMON_BLOCKS = YES;
				GCC_WARN_64_TO_32_BIT_CONVERSION = YES;
				GCC_WARN_ABOUT_RETURN_TYPE = YES_ERROR;
				GCC_WARN_UNDECLARED_SELECTOR = YES;
				GCC_WARN_UNINITIALIZED_AUTOS = YES_AGGRESSIVE;
				GCC_WARN_UNUSED_FUNCTION = YES;
				GCC_WARN_UNUSED_VARIABLE = YES;
				IPHONEOS_DEPLOYMENT_TARGET = 14.0;
				MTL_ENABLE_DEBUG_INFO = NO;
				SDKROOT = iphoneos;
				SWIFT_COMPILATION_MODE = wholemodule;
				TARGETED_DEVICE_FAMILY = "1,2";
				VALIDATE_PRODUCT = YES;
			};
			name = Release;
		};
		A7B0D4811B9B29020020244B /* Debug */ = {
			isa = XCBuildConfiguration;
			buildSettings = {
				ASSETCATALOG_COMPILER_APPICON_NAME = AppIcon;
				INFOPLIST_FILE = Demo/Resource/Info.plist;
				LD_RUNPATH_SEARCH_PATHS = (
					"$(inherited)",
					"@executable_path/Frameworks",
				);
				PRODUCT_BUNDLE_IDENTIFIER = "org.openbakery.$(PRODUCT_NAME:rfc1034identifier)";
				PRODUCT_NAME = "$(TARGET_NAME)";
			};
			name = Debug;
		};
		A7B0D4821B9B29020020244B /* Release */ = {
			isa = XCBuildConfiguration;
			buildSettings = {
				ASSETCATALOG_COMPILER_APPICON_NAME = AppIcon;
				INFOPLIST_FILE = Demo/Resource/Info.plist;
				LD_RUNPATH_SEARCH_PATHS = (
					"$(inherited)",
					"@executable_path/Frameworks",
				);
				PRODUCT_BUNDLE_IDENTIFIER = "org.openbakery.$(PRODUCT_NAME:rfc1034identifier)";
				PRODUCT_NAME = "$(TARGET_NAME)";
			};
			name = Release;
		};
		A7B0D4921B9B2CA80020244B /* Debug */ = {
			isa = XCBuildConfiguration;
			buildSettings = {
				BUNDLE_LOADER = "$(TEST_HOST)";
				GCC_PREPROCESSOR_DEFINITIONS = (
					"DEBUG=1",
					"$(inherited)",
				);
				INFOPLIST_FILE = Tests/Resource/Info.plist;
				LD_RUNPATH_SEARCH_PATHS = "@loader_path/Frameworks";
				OTHER_LDFLAGS = "$(inherited)";
				PRODUCT_BUNDLE_IDENTIFIER = "org.openbakery.$(PRODUCT_NAME:rfc1034identifier)";
				PRODUCT_NAME = "$(TARGET_NAME)";
				TEST_HOST = "$(BUILT_PRODUCTS_DIR)/OBInjectorDemo.app/OBInjectorDemo";
			};
			name = Debug;
		};
		A7B0D4931B9B2CA80020244B /* Release */ = {
			isa = XCBuildConfiguration;
			buildSettings = {
				BUNDLE_LOADER = "$(TEST_HOST)";
				INFOPLIST_FILE = Tests/Resource/Info.plist;
				LD_RUNPATH_SEARCH_PATHS = "@loader_path/Frameworks";
				OTHER_LDFLAGS = "$(inherited)";
				PRODUCT_BUNDLE_IDENTIFIER = "org.openbakery.$(PRODUCT_NAME:rfc1034identifier)";
				PRODUCT_NAME = "$(TARGET_NAME)";
				TEST_HOST = "$(BUILT_PRODUCTS_DIR)/OBInjectorDemo.app/OBInjectorDemo";
			};
			name = Release;
		};
/* End XCBuildConfiguration section */

/* Begin XCConfigurationList section */
		A7378D0D1CA2DD9C00D30471 /* Build configuration list for PBXNativeTarget "OBInjector" */ = {
			isa = XCConfigurationList;
			buildConfigurations = (
				A7378D0E1CA2DD9C00D30471 /* Debug */,
				A7378D0F1CA2DD9C00D30471 /* Release */,
			);
			defaultConfigurationIsVisible = 0;
			defaultConfigurationName = Release;
		};
		A75F7D711C57C4FE009863FE /* Build configuration list for PBXNativeTarget "OBInjectorSwiftDemo" */ = {
			isa = XCConfigurationList;
			buildConfigurations = (
				A75F7D6F1C57C4FE009863FE /* Debug */,
				A75F7D701C57C4FE009863FE /* Release */,
			);
			defaultConfigurationIsVisible = 0;
			defaultConfigurationName = Release;
		};
		A7B0D4581B9B29020020244B /* Build configuration list for PBXProject "OBInjector" */ = {
			isa = XCConfigurationList;
			buildConfigurations = (
				A7B0D47E1B9B29020020244B /* Debug */,
				A7B0D47F1B9B29020020244B /* Release */,
			);
			defaultConfigurationIsVisible = 0;
			defaultConfigurationName = Release;
		};
		A7B0D4801B9B29020020244B /* Build configuration list for PBXNativeTarget "OBInjectorDemo" */ = {
			isa = XCConfigurationList;
			buildConfigurations = (
				A7B0D4811B9B29020020244B /* Debug */,
				A7B0D4821B9B29020020244B /* Release */,
			);
			defaultConfigurationIsVisible = 0;
			defaultConfigurationName = Release;
		};
		A7B0D4941B9B2CA80020244B /* Build configuration list for PBXNativeTarget "Tests" */ = {
			isa = XCConfigurationList;
			buildConfigurations = (
				A7B0D4921B9B2CA80020244B /* Debug */,
				A7B0D4931B9B2CA80020244B /* Release */,
			);
			defaultConfigurationIsVisible = 0;
			defaultConfigurationName = Release;
		};
/* End XCConfigurationList section */

/* Begin XCRemoteSwiftPackageReference section */
		A7B34FF02ABC3FCB002319C1 /* XCRemoteSwiftPackageReference "OCMockito" */ = {
			isa = XCRemoteSwiftPackageReference;
			repositoryURL = "https://github.com/jonreid/OCMockito";
			requirement = {
				kind = upToNextMajorVersion;
				minimumVersion = 7.0.0;
			};
		};
/* End XCRemoteSwiftPackageReference section */

/* Begin XCSwiftPackageProductDependency section */
		A7B34FF22ABC3FEC002319C1 /* OCMockito */ = {
			isa = XCSwiftPackageProductDependency;
			package = A7B34FF02ABC3FCB002319C1 /* XCRemoteSwiftPackageReference "OCMockito" */;
			productName = OCMockito;
		};
/* End XCSwiftPackageProductDependency section */
	};
	rootObject = A7B0D4551B9B29020020244B /* Project object */;
}
